<?xml version="1.0" encoding="UTF-8"?>
<Project ToolsVersion="12.0" xmlns="http://schemas.microsoft.com/developer/msbuild/2003">
  <ItemGroup>
    <ClCompile Include="C:\projects\cocos2dx\shipwreck\cocos2d\external\libraig\src\client\raig_client.cc">
      <Filter>Source Files</Filter>
    </ClCompile>
    <ClCompile Include="C:\projects\cocos2dx\shipwreck\cocos2d\external\libraig\src\base\event.cc">
      <Filter>Source Files</Filter>
    </ClCompile>
    <ClCompile Include="C:\projects\cocos2dx\shipwreck\cocos2d\external\libraig\src\base\vector3.cc">
      <Filter>Source Files</Filter>
    </ClCompile>
    <ClCompile Include="C:\projects\cocos2dx\shipwreck\cocos2d\external\libraig\src\base\io_buffer.cc">
      <Filter>Source Files</Filter>
    </ClCompile>
    <ClCompile Include="C:\projects\cocos2dx\shipwreck\cocos2d\external\libraig\src\net\net_manager.cc">
      <Filter>Source Files</Filter>
    </ClCompile>
    <ClCompile Include="C:\projects\cocos2dx\shipwreck\cocos2d\external\libraig\src\http\http_client.cc">
      <Filter>Source Files</Filter>
    </ClCompile>
  </ItemGroup>
  <ItemGroup>
    <ClInclude Include="C:\projects\cocos2dx\shipwreck\cocos2d\external\libraig\include\export\raig_Export.h">
      <Filter>Header Files</Filter>
    </ClInclude>
    <ClInclude Include="C:\projects\cocos2dx\shipwreck\cocos2d\external\libraig\include\raig\raig_client.h">
      <Filter>Header Files</Filter>
    </ClInclude>
    <ClInclude Include="C:\projects\cocos2dx\shipwreck\cocos2d\external\libraig\include\base\vector3.h">
      <Filter>Header Files</Filter>
    </ClInclude>
    <ClInclude Include="C:\projects\cocos2dx\shipwreck\cocos2d\external\libraig\src\base\event.h">
      <Filter>Header Files</Filter>
    </ClInclude>
    <ClInclude Include="C:\projects\cocos2dx\shipwreck\cocos2d\external\libraig\src\base\io_buffer.h">
      <Filter>Header Files</Filter>
    </ClInclude>
    <ClInclude Include="C:\projects\cocos2dx\shipwreck\cocos2d\external\libraig\src\base\node.h">
      <Filter>Header Files</Filter>
    </ClInclude>
    <ClInclude Include="C:\projects\cocos2dx\shipwreck\cocos2d\external\libraig\src\base\observer.h">
      <Filter>Header Files</Filter>
    </ClInclude>
    <ClInclude Include="C:\projects\cocos2dx\shipwreck\cocos2d\external\libraig\src\http\http_client.h">
      <Filter>Header Files</Filter>
    </ClInclude>
    <ClInclude Include="C:\projects\cocos2dx\shipwreck\cocos2d\external\libraig\src\net\net_manager.h">
      <Filter>Header Files</Filter>
    </ClInclude>
  </ItemGroup>
  <ItemGroup>
    <CustomBuild Include="C:\projects\cocos2dx\shipwreck\cocos2d\external\libraig\CMakeLists.txt" />
  </ItemGroup>
  <ItemGroup>
    <Filter Include="Source Files">
      <UniqueIdentifier>{8E4DC5BC-91E8-3DFB-AA57-56EFED8D73A1}</UniqueIdentifier>
    </Filter>
    <Filter Include="Header Files">
      <UniqueIdentifier>{6C394736-DE01-36D6-AF78-67CB5F4E8A52}</UniqueIdentifier>
    </Filter>
  </ItemGroup>
</Project>
